
Microsoft Visual Studio Solution File, Format Version 12.00
# Visual Studio 15
VisualStudioVersion = 15.0.28307.1022
MinimumVisualStudioVersion = 10.0.40219.1
Project("{FAE04EC0-301F-11D3-BF4B-00C04F79EFBC}") = "ConsolSnakeRacer", "ConsolSnakeRacer\ConsolSnakeRacer.csproj", "{67D853D4-20B8-455E-A5D2-E37C1A72A536}"
EndProject
Global
	GlobalSection(SolutionConfigurationPlatforms) = preSolution
		Debug|Any CPU = Debug|Any CPU
		Release|Any CPU = Release|Any CPU
	EndGlobalSection
	GlobalSection(ProjectConfigurationPlatforms) = postSolution
		{67D853D4-20B8-455E-A5D2-E37C1A72A536}.Debug|Any CPU.ActiveCfg = Debug|Any CPU
		{67D853D4-20B8-455E-A5D2-E37C1A72A536}.Debug|Any CPU.Build.0 = Debug|Any CPU
		{67D853D4-20B8-455E-A5D2-E37C1A72A536}.Release|Any CPU.ActiveCfg = Release|Any CPU
		{67D853D4-20B8-455E-A5D2-E37C1A72A536}.Release|Any CPU.Build.0 = Release|Any CPU
	EndGlobalSection
	GlobalSection(SolutionProperties) = preSolution
		HideSolutionNode = FALSE
	EndGlobalSection
	GlobalSection(ExtensibilityGlobals) = postSolution
		SolutionGuid = {D2C767E6-AFCA-4C11-BDF7-B28D419D9C08}
	EndGlobalSection
EndGlobal
